{
  "name": "@veridex/core",
  "version": "0.1.0",
  "lockfileVersion": 3,
  "requires": true,
  "packages": {
    "": {
      "name": "@veridex/core",
      "version": "0.1.0",
      "devDependencies": {
        "@types/node": "^22.0.0",
        "typescript": "^5.7.0",
        "vitest": "^3.0.0"
      }
    }
  }
}
